// !$*UTF8*$!
{
	archiveVersion = 1;
	classes = {
	};
	objectVersion = 50;
	objects = {

/* Begin PBXBuildFile section */
		21392017268E081C00AAF067 /* landmarkData.json in Resources */ = {isa = PBXBuildFile; fileRef = 21392016268E081C00AAF067 /* landmarkData.json */; };
		2139201C268E087B00AAF067 /* Landmark.swift in Sources */ = {isa = PBXBuildFile; fileRef = 2139201B268E087B00AAF067 /* Landmark.swift */; };
		21392024268E097500AAF067 /* ModelData.swift in Sources */ = {isa = PBXBuildFile; fileRef = 21392023268E097500AAF067 /* ModelData.swift */; };
		21392027268E09DF00AAF067 /* LandmarkRow.swift in Sources */ = {isa = PBXBuildFile; fileRef = 21392026268E09DF00AAF067 /* LandmarkRow.swift */; };
		21392029268E0B8200AAF067 /* LandmarkList.swift in Sources */ = {isa = PBXBuildFile; fileRef = 21392028268E0B8200AAF067 /* LandmarkList.swift */; };
		2139202B268E0C1F00AAF067 /* LandmarkDetail.swift in Sources */ = {isa = PBXBuildFile; fileRef = 2139202A268E0C1F00AAF067 /* LandmarkDetail.swift */; };
		2139202D268E19CD00AAF067 /* FavoriteButton.swift in Sources */ = {isa = PBXBuildFile; fileRef = 2139202C268E19CD00AAF067 /* FavoriteButton.swift */; };
		214754732695FC5A00C4707F /* HexagonParameters.swift in Sources */ = {isa = PBXBuildFile; fileRef = 214754722695FC5A00C4707F /* HexagonParameters.swift */; };
		214754752695FDBA00C4707F /* BadgeBackground.swift in Sources */ = {isa = PBXBuildFile; fileRef = 214754742695FDBA00C4707F /* BadgeBackground.swift */; };
		2147549E2696010400C4707F /* BadgeSymbol.swift in Sources */ = {isa = PBXBuildFile; fileRef = 2147549D2696010400C4707F /* BadgeSymbol.swift */; };
		214754A42696024500C4707F /* RotatedBadgeSymbol.swift in Sources */ = {isa = PBXBuildFile; fileRef = 214754A32696024500C4707F /* RotatedBadgeSymbol.swift */; };
		214754A6269602C500C4707F /* Badge.swift in Sources */ = {isa = PBXBuildFile; fileRef = 214754A5269602C500C4707F /* Badge.swift */; };
		214754AB2696069E00C4707F /* hikeData.json in Resources */ = {isa = PBXBuildFile; fileRef = 214754AA2696069E00C4707F /* hikeData.json */; };
		214754AD269606C000C4707F /* Hike.swift in Sources */ = {isa = PBXBuildFile; fileRef = 214754AC269606C000C4707F /* Hike.swift */; };
		214754B32696076600C4707F /* GraphCapsule.swift in Sources */ = {isa = PBXBuildFile; fileRef = 214754AF2696076600C4707F /* GraphCapsule.swift */; };
		214754B42696076600C4707F /* HikeGraph.swift in Sources */ = {isa = PBXBuildFile; fileRef = 214754B02696076600C4707F /* HikeGraph.swift */; };
		214754B52696076600C4707F /* HikeDetail.swift in Sources */ = {isa = PBXBuildFile; fileRef = 214754B12696076600C4707F /* HikeDetail.swift */; };
		214754B62696076600C4707F /* HikeView.swift in Sources */ = {isa = PBXBuildFile; fileRef = 214754B22696076600C4707F /* HikeView.swift */; };
		214754B926960D9900C4707F /* CategoryHome.swift in Sources */ = {isa = PBXBuildFile; fileRef = 214754B826960D9900C4707F /* CategoryHome.swift */; };
		214754BB26960EA400C4707F /* CategoryRow.swift in Sources */ = {isa = PBXBuildFile; fileRef = 214754BA26960EA400C4707F /* CategoryRow.swift */; };
		214754BD26960F3900C4707F /* CategoryItem.swift in Sources */ = {isa = PBXBuildFile; fileRef = 214754BC26960F3900C4707F /* CategoryItem.swift */; };
		21E913EB268CB81B00A1605F /* LandmarksApp.swift in Sources */ = {isa = PBXBuildFile; fileRef = 21E913EA268CB81B00A1605F /* LandmarksApp.swift */; };
		21E913ED268CB81B00A1605F /* ContentView.swift in Sources */ = {isa = PBXBuildFile; fileRef = 21E913EC268CB81B00A1605F /* ContentView.swift */; };
		21E913EF268CB81C00A1605F /* Assets.xcassets in Resources */ = {isa = PBXBuildFile; fileRef = 21E913EE268CB81C00A1605F /* Assets.xcassets */; };
		21E913F2268CB81C00A1605F /* Preview Assets.xcassets in Resources */ = {isa = PBXBuildFile; fileRef = 21E913F1268CB81C00A1605F /* Preview Assets.xcassets */; };
		21E913FA268CBBDB00A1605F /* CircleImageView.swift in Sources */ = {isa = PBXBuildFile; fileRef = 21E913F9268CBBDB00A1605F /* CircleImageView.swift */; };
		21E913FC268CBE4C00A1605F /* MapView.swift in Sources */ = {isa = PBXBuildFile; fileRef = 21E913FB268CBE4C00A1605F /* MapView.swift */; };
/* End PBXBuildFile section */

/* Begin PBXFileReference section */
		21392016268E081C00AAF067 /* landmarkData.json */ = {isa = PBXFileReference; fileEncoding = 4; lastKnownFileType = text.json; path = landmarkData.json; sourceTree = "<group>"; };
		2139201B268E087B00AAF067 /* Landmark.swift */ = {isa = PBXFileReference; lastKnownFileType = sourcecode.swift; path = Landmark.swift; sourceTree = "<group>"; };
		21392023268E097500AAF067 /* ModelData.swift */ = {isa = PBXFileReference; lastKnownFileType = sourcecode.swift; path = ModelData.swift; sourceTree = "<group>"; };
		21392026268E09DF00AAF067 /* LandmarkRow.swift */ = {isa = PBXFileReference; lastKnownFileType = sourcecode.swift; path = LandmarkRow.swift; sourceTree = "<group>"; };
		21392028268E0B8200AAF067 /* LandmarkList.swift */ = {isa = PBXFileReference; lastKnownFileType = sourcecode.swift; path = LandmarkList.swift; sourceTree = "<group>"; };
		2139202A268E0C1F00AAF067 /* LandmarkDetail.swift */ = {isa = PBXFileReference; lastKnownFileType = sourcecode.swift; path = LandmarkDetail.swift; sourceTree = "<group>"; };
		2139202C268E19CD00AAF067 /* FavoriteButton.swift */ = {isa = PBXFileReference; lastKnownFileType = sourcecode.swift; path = FavoriteButton.swift; sourceTree = "<group>"; };
		214754722695FC5A00C4707F /* HexagonParameters.swift */ = {isa = PBXFileReference; lastKnownFileType = sourcecode.swift; path = HexagonParameters.swift; sourceTree = "<group>"; };
		214754742695FDBA00C4707F /* BadgeBackground.swift */ = {isa = PBXFileReference; lastKnownFileType = sourcecode.swift; path = BadgeBackground.swift; sourceTree = "<group>"; };
		2147549D2696010400C4707F /* BadgeSymbol.swift */ = {isa = PBXFileReference; lastKnownFileType = sourcecode.swift; path = BadgeSymbol.swift; sourceTree = "<group>"; };
		214754A32696024500C4707F /* RotatedBadgeSymbol.swift */ = {isa = PBXFileReference; lastKnownFileType = sourcecode.swift; path = RotatedBadgeSymbol.swift; sourceTree = "<group>"; };
		214754A5269602C500C4707F /* Badge.swift */ = {isa = PBXFileReference; lastKnownFileType = sourcecode.swift; path = Badge.swift; sourceTree = "<group>"; };
		214754AA2696069E00C4707F /* hikeData.json */ = {isa = PBXFileReference; fileEncoding = 4; lastKnownFileType = text.json; path = hikeData.json; sourceTree = "<group>"; };
		214754AC269606C000C4707F /* Hike.swift */ = {isa = PBXFileReference; lastKnownFileType = sourcecode.swift; path = Hike.swift; sourceTree = "<group>"; };
		214754AF2696076600C4707F /* GraphCapsule.swift */ = {isa = PBXFileReference; fileEncoding = 4; lastKnownFileType = sourcecode.swift; path = GraphCapsule.swift; sourceTree = "<group>"; };
		214754B02696076600C4707F /* HikeGraph.swift */ = {isa = PBXFileReference; fileEncoding = 4; lastKnownFileType = sourcecode.swift; path = HikeGraph.swift; sourceTree = "<group>"; };
		214754B12696076600C4707F /* HikeDetail.swift */ = {isa = PBXFileReference; fileEncoding = 4; lastKnownFileType = sourcecode.swift; path = HikeDetail.swift; sourceTree = "<group>"; };
		214754B22696076600C4707F /* HikeView.swift */ = {isa = PBXFileReference; fileEncoding = 4; lastKnownFileType = sourcecode.swift; path = HikeView.swift; sourceTree = "<group>"; };
		214754B826960D9900C4707F /* CategoryHome.swift */ = {isa = PBXFileReference; lastKnownFileType = sourcecode.swift; path = CategoryHome.swift; sourceTree = "<group>"; };
		214754BA26960EA400C4707F /* CategoryRow.swift */ = {isa = PBXFileReference; lastKnownFileType = sourcecode.swift; path = CategoryRow.swift; sourceTree = "<group>"; };
		214754BC26960F3900C4707F /* CategoryItem.swift */ = {isa = PBXFileReference; lastKnownFileType = sourcecode.swift; path = CategoryItem.swift; sourceTree = "<group>"; };
		21E913E7268CB81B00A1605F /* Landmarks.app */ = {isa = PBXFileReference; explicitFileType = wrapper.application; includeInIndex = 0; path = Landmarks.app; sourceTree = BUILT_PRODUCTS_DIR; };
		21E913EA268CB81B00A1605F /* LandmarksApp.swift */ = {isa = PBXFileReference; lastKnownFileType = sourcecode.swift; path = LandmarksApp.swift; sourceTree = "<group>"; };
		21E913EC268CB81B00A1605F /* ContentView.swift */ = {isa = PBXFileReference; lastKnownFileType = sourcecode.swift; path = ContentView.swift; sourceTree = "<group>"; };
		21E913EE268CB81C00A1605F /* Assets.xcassets */ = {isa = PBXFileReference; lastKnownFileType = folder.assetcatalog; path = Assets.xcassets; sourceTree = "<group>"; };
		21E913F1268CB81C00A1605F /* Preview Assets.xcassets */ = {isa = PBXFileReference; lastKnownFileType = folder.assetcatalog; path = "Preview Assets.xcassets"; sourceTree = "<group>"; };
		21E913F3268CB81C00A1605F /* Info.plist */ = {isa = PBXFileReference; lastKnownFileType = text.plist.xml; path = Info.plist; sourceTree = "<group>"; };
		21E913F9268CBBDB00A1605F /* CircleImageView.swift */ = {isa = PBXFileReference; lastKnownFileType = sourcecode.swift; path = CircleImageView.swift; sourceTree = "<group>"; };
		21E913FB268CBE4C00A1605F /* MapView.swift */ = {isa = PBXFileReference; lastKnownFileType = sourcecode.swift; path = MapView.swift; sourceTree = "<group>"; };
/* End PBXFileReference section */

/* Begin PBXFrameworksBuildPhase section */
		21E913E4268CB81B00A1605F /* Frameworks */ = {
			isa = PBXFrameworksBuildPhase;
			buildActionMask = 2147483647;
			files = (
			);
			runOnlyForDeploymentPostprocessing = 0;
		};
/* End PBXFrameworksBuildPhase section */

/* Begin PBXGroup section */
		21392020268E092600AAF067 /* Views */ = {
			isa = PBXGroup;
			children = (
				21E913EC268CB81B00A1605F /* ContentView.swift */,
				214754A82696037700C4707F /* Landmarks */,
				214754A9269603CB00C4707F /* Helpers */,
				214754A72696036500C4707F /* Badges */,
				214754AE2696076600C4707F /* Hikes */,
			);
			path = Views;
			sourceTree = "<group>";
		};
		21392021268E093D00AAF067 /* Model */ = {
			isa = PBXGroup;
			children = (
				21392023268E097500AAF067 /* ModelData.swift */,
				2139201B268E087B00AAF067 /* Landmark.swift */,
				214754AC269606C000C4707F /* Hike.swift */,
			);
			path = Model;
			sourceTree = "<group>";
		};
		21392025268E09A600AAF067 /* Resources */ = {
			isa = PBXGroup;
			children = (
				214754AA2696069E00C4707F /* hikeData.json */,
				21392016268E081C00AAF067 /* landmarkData.json */,
			);
			path = Resources;
			sourceTree = "<group>";
		};
		214754A72696036500C4707F /* Badges */ = {
			isa = PBXGroup;
			children = (
				214754A5269602C500C4707F /* Badge.swift */,
				214754742695FDBA00C4707F /* BadgeBackground.swift */,
				2147549D2696010400C4707F /* BadgeSymbol.swift */,
				214754A32696024500C4707F /* RotatedBadgeSymbol.swift */,
				214754722695FC5A00C4707F /* HexagonParameters.swift */,
			);
			path = Badges;
			sourceTree = "<group>";
		};
		214754A82696037700C4707F /* Landmarks */ = {
			isa = PBXGroup;
			children = (
				2139202A268E0C1F00AAF067 /* LandmarkDetail.swift */,
				21392026268E09DF00AAF067 /* LandmarkRow.swift */,
				21392028268E0B8200AAF067 /* LandmarkList.swift */,
			);
			path = Landmarks;
			sourceTree = "<group>";
		};
		214754A9269603CB00C4707F /* Helpers */ = {
			isa = PBXGroup;
			children = (
				21E913FB268CBE4C00A1605F /* MapView.swift */,
				21E913F9268CBBDB00A1605F /* CircleImageView.swift */,
				2139202C268E19CD00AAF067 /* FavoriteButton.swift */,
			);
			path = Helpers;
			sourceTree = "<group>";
		};
		214754AE2696076600C4707F /* Hikes */ = {
			isa = PBXGroup;
			children = (
				214754AF2696076600C4707F /* GraphCapsule.swift */,
				214754B02696076600C4707F /* HikeGraph.swift */,
				214754B12696076600C4707F /* HikeDetail.swift */,
				214754B22696076600C4707F /* HikeView.swift */,
			);
			path = Hikes;
			sourceTree = "<group>";
		};
		214754B726960D6B00C4707F /* CategoryHome */ = {
			isa = PBXGroup;
			children = (
				214754B826960D9900C4707F /* CategoryHome.swift */,
				214754BA26960EA400C4707F /* CategoryRow.swift */,
				214754BC26960F3900C4707F /* CategoryItem.swift */,
			);
			path = CategoryHome;
			sourceTree = "<group>";
		};
		21E913DE268CB81B00A1605F = {
			isa = PBXGroup;
			children = (
				21E913E9268CB81B00A1605F /* Landmarks */,
				21E913E8268CB81B00A1605F /* Products */,
			);
			sourceTree = "<group>";
		};
		21E913E8268CB81B00A1605F /* Products */ = {
			isa = PBXGroup;
			children = (
				21E913E7268CB81B00A1605F /* Landmarks.app */,
			);
			name = Products;
			sourceTree = "<group>";
		};
		21E913E9268CB81B00A1605F /* Landmarks */ = {
			isa = PBXGroup;
			children = (
				21E913EA268CB81B00A1605F /* LandmarksApp.swift */,
				21392020268E092600AAF067 /* Views */,
				214754B726960D6B00C4707F /* CategoryHome */,
				21392021268E093D00AAF067 /* Model */,
				21392025268E09A600AAF067 /* Resources */,
				21E913EE268CB81C00A1605F /* Assets.xcassets */,
				21E913F3268CB81C00A1605F /* Info.plist */,
				21E913F0268CB81C00A1605F /* Preview Content */,
			);
			path = Landmarks;
			sourceTree = "<group>";
		};
		21E913F0268CB81C00A1605F /* Preview Content */ = {
			isa = PBXGroup;
			children = (
				21E913F1268CB81C00A1605F /* Preview Assets.xcassets */,
			);
			path = "Preview Content";
			sourceTree = "<group>";
		};
/* End PBXGroup section */

/* Begin PBXNativeTarget section */
		21E913E6268CB81B00A1605F /* Landmarks */ = {
			isa = PBXNativeTarget;
			buildConfigurationList = 21E913F6268CB81C00A1605F /* Build configuration list for PBXNativeTarget "Landmarks" */;
			buildPhases = (
				21E913E3268CB81B00A1605F /* Sources */,
				21E913E4268CB81B00A1605F /* Frameworks */,
				21E913E5268CB81B00A1605F /* Resources */,
			);
			buildRules = (
			);
			dependencies = (
			);
			name = Landmarks;
			productName = Landmarks;
			productReference = 21E913E7268CB81B00A1605F /* Landmarks.app */;
			productType = "com.apple.product-type.application";
		};
/* End PBXNativeTarget section */

/* Begin PBXProject section */
		21E913DF268CB81B00A1605F /* Project object */ = {
			isa = PBXProject;
			attributes = {
				LastSwiftUpdateCheck = 1250;
				LastUpgradeCheck = 1250;
				TargetAttributes = {
					21E913E6268CB81B00A1605F = {
						CreatedOnToolsVersion = 12.5;
					};
				};
			};
			buildConfigurationList = 21E913E2268CB81B00A1605F /* Build configuration list for PBXProject "Landmarks" */;
			compatibilityVersion = "Xcode 9.3";
			developmentRegion = en;
			hasScannedForEncodings = 0;
			knownRegions = (
				en,
				Base,
			);
			mainGroup = 21E913DE268CB81B00A1605F;
			productRefGroup = 21E913E8268CB81B00A1605F /* Products */;
			projectDirPath = "";
			projectRoot = "";
			targets = (
				21E913E6268CB81B00A1605F /* Landmarks */,
			);
		};
/* End PBXProject section */

/* Begin PBXResourcesBuildPhase section */
		21E913E5268CB81B00A1605F /* Resources */ = {
			isa = PBXResourcesBuildPhase;
			buildActionMask = 2147483647;
			files = (
				214754AB2696069E00C4707F /* hikeData.json in Resources */,
				21E913F2268CB81C00A1605F /* Preview Assets.xcassets in Resources */,
				21E913EF268CB81C00A1605F /* Assets.xcassets in Resources */,
				21392017268E081C00AAF067 /* landmarkData.json in Resources */,
			);
			runOnlyForDeploymentPostprocessing = 0;
		};
/* End PBXResourcesBuildPhase section */

/* Begin PBXSourcesBuildPhase section */
		21E913E3268CB81B00A1605F /* Sources */ = {
			isa = PBXSourcesBuildPhase;
			buildActionMask = 2147483647;
			files = (
				214754BB26960EA400C4707F /* CategoryRow.swift in Sources */,
				21E913ED268CB81B00A1605F /* ContentView.swift in Sources */,
				214754B926960D9900C4707F /* CategoryHome.swift in Sources */,
				214754B42696076600C4707F /* HikeGraph.swift in Sources */,
				214754A6269602C500C4707F /* Badge.swift in Sources */,
				21E913FC268CBE4C00A1605F /* MapView.swift in Sources */,
				214754B32696076600C4707F /* GraphCapsule.swift in Sources */,
				21E913EB268CB81B00A1605F /* LandmarksApp.swift in Sources */,
				2139202D268E19CD00AAF067 /* FavoriteButton.swift in Sources */,
				214754BD26960F3900C4707F /* CategoryItem.swift in Sources */,
				214754B52696076600C4707F /* HikeDetail.swift in Sources */,
				214754732695FC5A00C4707F /* HexagonParameters.swift in Sources */,
				214754AD269606C000C4707F /* Hike.swift in Sources */,
				214754A42696024500C4707F /* RotatedBadgeSymbol.swift in Sources */,
				2147549E2696010400C4707F /* BadgeSymbol.swift in Sources */,
				21392029268E0B8200AAF067 /* LandmarkList.swift in Sources */,
				214754B62696076600C4707F /* HikeView.swift in Sources */,
				2139202B268E0C1F00AAF067 /* LandmarkDetail.swift in Sources */,
				214754752695FDBA00C4707F /* BadgeBackground.swift in Sources */,
				21E913FA268CBBDB00A1605F /* CircleImageView.swift in Sources */,
				2139201C268E087B00AAF067 /* Landmark.swift in Sources */,
				21392027268E09DF00AAF067 /* LandmarkRow.swift in Sources */,
				21392024268E097500AAF067 /* ModelData.swift in Sources */,
			);
			runOnlyForDeploymentPostprocessing = 0;
		};
/* End PBXSourcesBuildPhase section */

/* Begin XCBuildConfiguration section */
		21E913F4268CB81C00A1605F /* Debug */ = {
			isa = XCBuildConfiguration;
			buildSettings = {
				ALWAYS_SEARCH_USER_PATHS = NO;
				CLANG_ANALYZER_NONNULL = YES;
				CLANG_ANALYZER_NUMBER_OBJECT_CONVERSION = YES_AGGRESSIVE;
				CLANG_CXX_LANGUAGE_STANDARD = "gnu++14";
				CLANG_CXX_LIBRARY = "libc++";
				CLANG_ENABLE_MODULES = YES;
				CLANG_ENABLE_OBJC_ARC = YES;
				CLANG_ENABLE_OBJC_WEAK = YES;
				CLANG_WARN_BLOCK_CAPTURE_AUTORELEASING = YES;
				CLANG_WARN_BOOL_CONVERSION = YES;
				CLANG_WARN_COMMA = YES;
				CLANG_WARN_CONSTANT_CONVERSION = YES;
				CLANG_WARN_DEPRECATED_OBJC_IMPLEMENTATIONS = YES;
				CLANG_WARN_DIRECT_OBJC_ISA_USAGE = YES_ERROR;
				CLANG_WARN_DOCUMENTATION_COMMENTS = YES;
				CLANG_WARN_EMPTY_BODY = YES;
				CLANG_WARN_ENUM_CONVERSION = YES;
				CLANG_WARN_INFINITE_RECURSION = YES;
				CLANG_WARN_INT_CONVERSION = YES;
				CLANG_WARN_NON_LITERAL_NULL_CONVERSION = YES;
				CLANG_WARN_OBJC_IMPLICIT_RETAIN_SELF = YES;
				CLANG_WARN_OBJC_LITERAL_CONVERSION = YES;
				CLANG_WARN_OBJC_ROOT_CLASS = YES_ERROR;
				CLANG_WARN_QUOTED_INCLUDE_IN_FRAMEWORK_HEADER = YES;
				CLANG_WARN_RANGE_LOOP_ANALYSIS = YES;
				CLANG_WARN_STRICT_PROTOTYPES = YES;
				CLANG_WARN_SUSPICIOUS_MOVE = YES;
				CLANG_WARN_UNGUARDED_AVAILABILITY = YES_AGGRESSIVE;
				CLANG_WARN_UNREACHABLE_CODE = YES;
				CLANG_WARN__DUPLICATE_METHOD_MATCH = YES;
				COPY_PHASE_STRIP = NO;
				DEBUG_INFORMATION_FORMAT = dwarf;
				ENABLE_STRICT_OBJC_MSGSEND = YES;
				ENABLE_TESTABILITY = YES;
				GCC_C_LANGUAGE_STANDARD = gnu11;
				GCC_DYNAMIC_NO_PIC = NO;
				GCC_NO_COMMON_BLOCKS = YES;
				GCC_OPTIMIZATION_LEVEL = 0;
				GCC_PREPROCESSOR_DEFINITIONS = (
					"DEBUG=1",
					"$(inherited)",
				);
				GCC_WARN_64_TO_32_BIT_CONVERSION = YES;
				GCC_WARN_ABOUT_RETURN_TYPE = YES_ERROR;
				GCC_WARN_UNDECLARED_SELECTOR = YES;
				GCC_WARN_UNINITIALIZED_AUTOS = YES_AGGRESSIVE;
				GCC_WARN_UNUSED_FUNCTION = YES;
				GCC_WARN_UNUSED_VARIABLE = YES;
				IPHONEOS_DEPLOYMENT_TARGET = 14.5;
				MTL_ENABLE_DEBUG_INFO = INCLUDE_SOURCE;
				MTL_FAST_MATH = YES;
				ONLY_ACTIVE_ARCH = YES;
				SDKROOT = iphoneos;
				SWIFT_ACTIVE_COMPILATION_CONDITIONS = DEBUG;
				SWIFT_OPTIMIZATION_LEVEL = "-Onone";
			};
			name = Debug;
		};
		21E913F5268CB81C00A1605F /* Release */ = {
			isa = XCBuildConfiguration;
			buildSettings = {
				ALWAYS_SEARCH_USER_PATHS = NO;
				CLANG_ANALYZER_NONNULL = YES;
				CLANG_ANALYZER_NUMBER_OBJECT_CONVERSION = YES_AGGRESSIVE;
				CLANG_CXX_LANGUAGE_STANDARD = "gnu++14";
				CLANG_CXX_LIBRARY = "libc++";
				CLANG_ENABLE_MODULES = YES;
				CLANG_ENABLE_OBJC_ARC = YES;
				CLANG_ENABLE_OBJC_WEAK = YES;
				CLANG_WARN_BLOCK_CAPTURE_AUTORELEASING = YES;
				CLANG_WARN_BOOL_CONVERSION = YES;
				CLANG_WARN_COMMA = YES;
				CLANG_WARN_CONSTANT_CONVERSION = YES;
				CLANG_WARN_DEPRECATED_OBJC_IMPLEMENTATIONS = YES;
				CLANG_WARN_DIRECT_OBJC_ISA_USAGE = YES_ERROR;
				CLANG_WARN_DOCUMENTATION_COMMENTS = YES;
				CLANG_WARN_EMPTY_BODY = YES;
				CLANG_WARN_ENUM_CONVERSION = YES;
				CLANG_WARN_INFINITE_RECURSION = YES;
				CLANG_WARN_INT_CONVERSION = YES;
				CLANG_WARN_NON_LITERAL_NULL_CONVERSION = YES;
				CLANG_WARN_OBJC_IMPLICIT_RETAIN_SELF = YES;
				CLANG_WARN_OBJC_LITERAL_CONVERSION = YES;
				CLANG_WARN_OBJC_ROOT_CLASS = YES_ERROR;
				CLANG_WARN_QUOTED_INCLUDE_IN_FRAMEWORK_HEADER = YES;
				CLANG_WARN_RANGE_LOOP_ANALYSIS = YES;
				CLANG_WARN_STRICT_PROTOTYPES = YES;
				CLANG_WARN_SUSPICIOUS_MOVE = YES;
				CLANG_WARN_UNGUARDED_AVAILABILITY = YES_AGGRESSIVE;
				CLANG_WARN_UNREACHABLE_CODE = YES;
				CLANG_WARN__DUPLICATE_METHOD_MATCH = YES;
				COPY_PHASE_STRIP = NO;
				DEBUG_INFORMATION_FORMAT = "dwarf-with-dsym";
				ENABLE_NS_ASSERTIONS = NO;
				ENABLE_STRICT_OBJC_MSGSEND = YES;
				GCC_C_LANGUAGE_STANDARD = gnu11;
				GCC_NO_COMMON_BLOCKS = YES;
				GCC_WARN_64_TO_32_BIT_CONVERSION = YES;
				GCC_WARN_ABOUT_RETURN_TYPE = YES_ERROR;
				GCC_WARN_UNDECLARED_SELECTOR = YES;
				GCC_WARN_UNINITIALIZED_AUTOS = YES_AGGRESSIVE;
				GCC_WARN_UNUSED_FUNCTION = YES;
				GCC_WARN_UNUSED_VARIABLE = YES;
				IPHONEOS_DEPLOYMENT_TARGET = 14.5;
				MTL_ENABLE_DEBUG_INFO = NO;
				MTL_FAST_MATH = YES;
				SDKROOT = iphoneos;
				SWIFT_COMPILATION_MODE = wholemodule;
				SWIFT_OPTIMIZATION_LEVEL = "-O";
				VALIDATE_PRODUCT = YES;
			};
			name = Release;
		};
		21E913F7268CB81C00A1605F /* Debug */ = {
			isa = XCBuildConfiguration;
			buildSettings = {
				ASSETCATALOG_COMPILER_APPICON_NAME = AppIcon;
				ASSETCATALOG_COMPILER_GLOBAL_ACCENT_COLOR_NAME = AccentColor;
				CODE_SIGN_STYLE = Automatic;
				DEVELOPMENT_ASSET_PATHS = "\"Landmarks/Preview Content\"";
				DEVELOPMENT_TEAM = Y2LV7QFN9B;
				ENABLE_PREVIEWS = YES;
				INFOPLIST_FILE = Landmarks/Info.plist;
				IPHONEOS_DEPLOYMENT_TARGET = 14.0;
				LD_RUNPATH_SEARCH_PATHS = (
					"$(inherited)",
					"@executable_path/Frameworks",
				);
				PRODUCT_BUNDLE_IDENTIFIER = com.jrooms.Landmarks;
				PRODUCT_NAME = "$(TARGET_NAME)";
				SWIFT_VERSION = 5.0;
				TARGETED_DEVICE_FAMILY = "1,2";
			};
			name = Debug;
		};
		21E913F8268CB81C00A1605F /* Release */ = {
			isa = XCBuildConfiguration;
			buildSettings = {
				ASSETCATALOG_COMPILER_APPICON_NAME = AppIcon;
				ASSETCATALOG_COMPILER_GLOBAL_ACCENT_COLOR_NAME = AccentColor;
				CODE_SIGN_STYLE = Automatic;
				DEVELOPMENT_ASSET_PATHS = "\"Landmarks/Preview Content\"";
				DEVELOPMENT_TEAM = Y2LV7QFN9B;
				ENABLE_PREVIEWS = YES;
				INFOPLIST_FILE = Landmarks/Info.plist;
				IPHONEOS_DEPLOYMENT_TARGET = 14.0;
				LD_RUNPATH_SEARCH_PATHS = (
					"$(inherited)",
					"@executable_path/Frameworks",
				);
				PRODUCT_BUNDLE_IDENTIFIER = com.jrooms.Landmarks;
				PRODUCT_NAME = "$(TARGET_NAME)";
				SWIFT_VERSION = 5.0;
				TARGETED_DEVICE_FAMILY = "1,2";
			};
			name = Release;
		};
/* End XCBuildConfiguration section */

/* Begin XCConfigurationList section */
		21E913E2268CB81B00A1605F /* Build configuration list for PBXProject "Landmarks" */ = {
			isa = XCConfigurationList;
			buildConfigurations = (
				21E913F4268CB81C00A1605F /* Debug */,
				21E913F5268CB81C00A1605F /* Release */,
			);
			defaultConfigurationIsVisible = 0;
			defaultConfigurationName = Release;
		};
		21E913F6268CB81C00A1605F /* Build configuration list for PBXNativeTarget "Landmarks" */ = {
			isa = XCConfigurationList;
			buildConfigurations = (
				21E913F7268CB81C00A1605F /* Debug */,
				21E913F8268CB81C00A1605F /* Release */,
			);
			defaultConfigurationIsVisible = 0;
			defaultConfigurationName = Release;
		};
/* End XCConfigurationList section */
	};
	rootObject = 21E913DF268CB81B00A1605F /* Project object */;
}
